
Microsoft Visual Studio Solution File, Format Version 12.00
# Visual Studio Version 17
VisualStudioVersion = 17.14.36414.22
MinimumVisualStudioVersion = 10.0.40219.1
Project("{2150E333-8FDC-42A3-9474-1A3956D46DE8}") = "Task0", "Task0", "{02EA681E-C7D8-13C7-8484-4AC65E1B71E8}"
EndProject
Project("{FAE04EC0-301F-11D3-BF4B-00C04F79EFBC}") = "Tyuiu.BudykovaMM.Sprint6.Task0.V11.Lib", "Tyuiu.BudykovaMM.Sprint6.Task0.V11.Lib\Tyuiu.BudykovaMM.Sprint6.Task0.V11.Lib.csproj", "{F1AA113E-6A1C-4CE8-A66B-ABFAB4F5EB4A}"
EndProject
Project("{FAE04EC0-301F-11D3-BF4B-00C04F79EFBC}") = "Tyuiu.BudykovaMM.Sprint6.Task0.V11.Test", "Tyuiu.BudykovaMM.Sprint6.Task0.V11.Test\Tyuiu.BudykovaMM.Sprint6.Task0.V11.Test.csproj", "{75C2582F-C988-4EE4-8136-9A57757D55E9}"
EndProject
Project("{FAE04EC0-301F-11D3-BF4B-00C04F79EFBC}") = "Tyuiu.BudykovaMM.Sprint6.Task0.V11", "Tyuiu.BudykovaMM.Sprint6.Task0.V11\Tyuiu.BudykovaMM.Sprint6.Task0.V11.csproj", "{F30338C8-6148-4C5D-BF3C-A20B21F6C984}"
EndProject
Project("{2150E333-8FDC-42A3-9474-1A3956D46DE8}") = "Task1", "Task1", "{4682DEA6-8E46-4D1D-8931-C2220D438E05}"
EndProject
Project("{FAE04EC0-301F-11D3-BF4B-00C04F79EFBC}") = "Tyuiu.BudykovaMM.Sprint6.Task1.V26.Lib", "Tyuiu.BudykovaMM.Sprint6.Task1.V26.Lib\Tyuiu.BudykovaMM.Sprint6.Task1.V26.Lib.csproj", "{DC08F46B-C407-476B-8219-F167A38F429A}"
EndProject
Project("{FAE04EC0-301F-11D3-BF4B-00C04F79EFBC}") = "Tyuiu.BudykovaMM.Sprint6.Task1.V26.Test", "Tyuiu.BudykovaMM.Sprint6.Task1.V26.Test\Tyuiu.BudykovaMM.Sprint6.Task1.V26.Test.csproj", "{3A167611-33BC-419A-A97A-0963C656028B}"
EndProject
Project("{FAE04EC0-301F-11D3-BF4B-00C04F79EFBC}") = "Tyuiu.BudykovaMM.Sprint6.Task1.V26", "Tyuiu.BudykovaMM.Sprint6.Task1.V26\Tyuiu.BudykovaMM.Sprint6.Task1.V26.csproj", "{9983741E-4008-428B-819C-575115068274}"
EndProject
Project("{2150E333-8FDC-42A3-9474-1A3956D46DE8}") = "Task2", "Task2", "{F4ABF1D8-B016-4308-9ED7-5878F231E115}"
EndProject
Project("{FAE04EC0-301F-11D3-BF4B-00C04F79EFBC}") = "Tyuiu.BudykovaMM.Sprint6.Task2.V7.Lib", "Tyuiu.BudykovaMM.Sprint6.Task2.V7.Lib\Tyuiu.BudykovaMM.Sprint6.Task2.V7.Lib.csproj", "{1CB203ED-4216-4D80-AEEF-D5A3BB907BE4}"
EndProject
Project("{FAE04EC0-301F-11D3-BF4B-00C04F79EFBC}") = "Tyuiu.BudykovaMM.Sprint6.Task2.V7.Test", "Tyuiu.BudykovaMM.Sprint6.Task2.V7.Test\Tyuiu.BudykovaMM.Sprint6.Task2.V7.Test.csproj", "{FDA36190-10E2-421F-9054-28CD15799147}"
EndProject
Project("{FAE04EC0-301F-11D3-BF4B-00C04F79EFBC}") = "Tyuiu.BudykovaMM.Sprint6.Task2.V7", "Tyuiu.BudykovaMM.Sprint6.Task2.V7\Tyuiu.BudykovaMM.Sprint6.Task2.V7.csproj", "{21A207F6-E910-4E75-A97E-AAA26C07F9FF}"
EndProject
Project("{2150E333-8FDC-42A3-9474-1A3956D46DE8}") = "Task3", "Task3", "{40DDD4CD-04C9-45AF-B45C-657E86BA1B80}"
EndProject
Project("{FAE04EC0-301F-11D3-BF4B-00C04F79EFBC}") = "Tyuiu.BudykovaMM.Sprint6.Task3.V17.Lib", "Tyuiu.BudykovaMM.Sprint6.Task3.V17.Lib\Tyuiu.BudykovaMM.Sprint6.Task3.V17.Lib.csproj", "{BB0A72E0-4F4C-4F74-8D47-4DE6D9019147}"
EndProject
Project("{FAE04EC0-301F-11D3-BF4B-00C04F79EFBC}") = "Tyuiu.BudykovaMM.Sprint6.Task3.V17.Test", "Tyuiu.BudykovaMM.Sprint6.Task3.V17.Test\Tyuiu.BudykovaMM.Sprint6.Task3.V17.Test.csproj", "{8B3FDFC5-F63B-4769-A404-4AD2F997CD78}"
EndProject
Project("{FAE04EC0-301F-11D3-BF4B-00C04F79EFBC}") = "Tyuiu.BudykovaMM.Sprint6.Task3.V17", "Tyuiu.BudykovaMM.Sprint6.Task3.V17\Tyuiu.BudykovaMM.Sprint6.Task3.V17.csproj", "{A4C931C5-043E-4454-89E7-B8F55A893FD1}"
EndProject
Global
	GlobalSection(SolutionConfigurationPlatforms) = preSolution
		Debug|Any CPU = Debug|Any CPU
		Release|Any CPU = Release|Any CPU
	EndGlobalSection
	GlobalSection(ProjectConfigurationPlatforms) = postSolution
		{F1AA113E-6A1C-4CE8-A66B-ABFAB4F5EB4A}.Debug|Any CPU.ActiveCfg = Debug|Any CPU
		{F1AA113E-6A1C-4CE8-A66B-ABFAB4F5EB4A}.Debug|Any CPU.Build.0 = Debug|Any CPU
		{F1AA113E-6A1C-4CE8-A66B-ABFAB4F5EB4A}.Release|Any CPU.ActiveCfg = Release|Any CPU
		{F1AA113E-6A1C-4CE8-A66B-ABFAB4F5EB4A}.Release|Any CPU.Build.0 = Release|Any CPU
		{75C2582F-C988-4EE4-8136-9A57757D55E9}.Debug|Any CPU.ActiveCfg = Debug|Any CPU
		{75C2582F-C988-4EE4-8136-9A57757D55E9}.Debug|Any CPU.Build.0 = Debug|Any CPU
		{75C2582F-C988-4EE4-8136-9A57757D55E9}.Release|Any CPU.ActiveCfg = Release|Any CPU
		{75C2582F-C988-4EE4-8136-9A57757D55E9}.Release|Any CPU.Build.0 = Release|Any CPU
		{F30338C8-6148-4C5D-BF3C-A20B21F6C984}.Debug|Any CPU.ActiveCfg = Debug|Any CPU
		{F30338C8-6148-4C5D-BF3C-A20B21F6C984}.Debug|Any CPU.Build.0 = Debug|Any CPU
		{F30338C8-6148-4C5D-BF3C-A20B21F6C984}.Release|Any CPU.ActiveCfg = Release|Any CPU
		{F30338C8-6148-4C5D-BF3C-A20B21F6C984}.Release|Any CPU.Build.0 = Release|Any CPU
		{DC08F46B-C407-476B-8219-F167A38F429A}.Debug|Any CPU.ActiveCfg = Debug|Any CPU
		{DC08F46B-C407-476B-8219-F167A38F429A}.Debug|Any CPU.Build.0 = Debug|Any CPU
		{DC08F46B-C407-476B-8219-F167A38F429A}.Release|Any CPU.ActiveCfg = Release|Any CPU
		{DC08F46B-C407-476B-8219-F167A38F429A}.Release|Any CPU.Build.0 = Release|Any CPU
		{3A167611-33BC-419A-A97A-0963C656028B}.Debug|Any CPU.ActiveCfg = Debug|Any CPU
		{3A167611-33BC-419A-A97A-0963C656028B}.Debug|Any CPU.Build.0 = Debug|Any CPU
		{3A167611-33BC-419A-A97A-0963C656028B}.Release|Any CPU.ActiveCfg = Release|Any CPU
		{3A167611-33BC-419A-A97A-0963C656028B}.Release|Any CPU.Build.0 = Release|Any CPU
		{9983741E-4008-428B-819C-575115068274}.Debug|Any CPU.ActiveCfg = Debug|Any CPU
		{9983741E-4008-428B-819C-575115068274}.Debug|Any CPU.Build.0 = Debug|Any CPU
		{9983741E-4008-428B-819C-575115068274}.Release|Any CPU.ActiveCfg = Release|Any CPU
		{9983741E-4008-428B-819C-575115068274}.Release|Any CPU.Build.0 = Release|Any CPU
		{1CB203ED-4216-4D80-AEEF-D5A3BB907BE4}.Debug|Any CPU.ActiveCfg = Debug|Any CPU
		{1CB203ED-4216-4D80-AEEF-D5A3BB907BE4}.Debug|Any CPU.Build.0 = Debug|Any CPU
		{1CB203ED-4216-4D80-AEEF-D5A3BB907BE4}.Release|Any CPU.ActiveCfg = Release|Any CPU
		{1CB203ED-4216-4D80-AEEF-D5A3BB907BE4}.Release|Any CPU.Build.0 = Release|Any CPU
		{FDA36190-10E2-421F-9054-28CD15799147}.Debug|Any CPU.ActiveCfg = Debug|Any CPU
		{FDA36190-10E2-421F-9054-28CD15799147}.Debug|Any CPU.Build.0 = Debug|Any CPU
		{FDA36190-10E2-421F-9054-28CD15799147}.Release|Any CPU.ActiveCfg = Release|Any CPU
		{FDA36190-10E2-421F-9054-28CD15799147}.Release|Any CPU.Build.0 = Release|Any CPU
		{21A207F6-E910-4E75-A97E-AAA26C07F9FF}.Debug|Any CPU.ActiveCfg = Debug|Any CPU
		{21A207F6-E910-4E75-A97E-AAA26C07F9FF}.Debug|Any CPU.Build.0 = Debug|Any CPU
		{21A207F6-E910-4E75-A97E-AAA26C07F9FF}.Release|Any CPU.ActiveCfg = Release|Any CPU
		{21A207F6-E910-4E75-A97E-AAA26C07F9FF}.Release|Any CPU.Build.0 = Release|Any CPU
		{BB0A72E0-4F4C-4F74-8D47-4DE6D9019147}.Debug|Any CPU.ActiveCfg = Debug|Any CPU
		{BB0A72E0-4F4C-4F74-8D47-4DE6D9019147}.Debug|Any CPU.Build.0 = Debug|Any CPU
		{BB0A72E0-4F4C-4F74-8D47-4DE6D9019147}.Release|Any CPU.ActiveCfg = Release|Any CPU
		{BB0A72E0-4F4C-4F74-8D47-4DE6D9019147}.Release|Any CPU.Build.0 = Release|Any CPU
		{8B3FDFC5-F63B-4769-A404-4AD2F997CD78}.Debug|Any CPU.ActiveCfg = Debug|Any CPU
		{8B3FDFC5-F63B-4769-A404-4AD2F997CD78}.Debug|Any CPU.Build.0 = Debug|Any CPU
		{8B3FDFC5-F63B-4769-A404-4AD2F997CD78}.Release|Any CPU.ActiveCfg = Release|Any CPU
		{8B3FDFC5-F63B-4769-A404-4AD2F997CD78}.Release|Any CPU.Build.0 = Release|Any CPU
		{A4C931C5-043E-4454-89E7-B8F55A893FD1}.Debug|Any CPU.ActiveCfg = Debug|Any CPU
		{A4C931C5-043E-4454-89E7-B8F55A893FD1}.Debug|Any CPU.Build.0 = Debug|Any CPU
		{A4C931C5-043E-4454-89E7-B8F55A893FD1}.Release|Any CPU.ActiveCfg = Release|Any CPU
		{A4C931C5-043E-4454-89E7-B8F55A893FD1}.Release|Any CPU.Build.0 = Release|Any CPU
	EndGlobalSection
	GlobalSection(SolutionProperties) = preSolution
		HideSolutionNode = FALSE
	EndGlobalSection
	GlobalSection(NestedProjects) = preSolution
		{F1AA113E-6A1C-4CE8-A66B-ABFAB4F5EB4A} = {02EA681E-C7D8-13C7-8484-4AC65E1B71E8}
		{75C2582F-C988-4EE4-8136-9A57757D55E9} = {02EA681E-C7D8-13C7-8484-4AC65E1B71E8}
		{F30338C8-6148-4C5D-BF3C-A20B21F6C984} = {02EA681E-C7D8-13C7-8484-4AC65E1B71E8}
		{DC08F46B-C407-476B-8219-F167A38F429A} = {4682DEA6-8E46-4D1D-8931-C2220D438E05}
		{3A167611-33BC-419A-A97A-0963C656028B} = {4682DEA6-8E46-4D1D-8931-C2220D438E05}
		{9983741E-4008-428B-819C-575115068274} = {4682DEA6-8E46-4D1D-8931-C2220D438E05}
		{1CB203ED-4216-4D80-AEEF-D5A3BB907BE4} = {F4ABF1D8-B016-4308-9ED7-5878F231E115}
		{FDA36190-10E2-421F-9054-28CD15799147} = {F4ABF1D8-B016-4308-9ED7-5878F231E115}
		{21A207F6-E910-4E75-A97E-AAA26C07F9FF} = {F4ABF1D8-B016-4308-9ED7-5878F231E115}
		{BB0A72E0-4F4C-4F74-8D47-4DE6D9019147} = {40DDD4CD-04C9-45AF-B45C-657E86BA1B80}
		{8B3FDFC5-F63B-4769-A404-4AD2F997CD78} = {40DDD4CD-04C9-45AF-B45C-657E86BA1B80}
		{A4C931C5-043E-4454-89E7-B8F55A893FD1} = {40DDD4CD-04C9-45AF-B45C-657E86BA1B80}
	EndGlobalSection
	GlobalSection(ExtensibilityGlobals) = postSolution
		SolutionGuid = {8239D221-23C5-4F45-B32A-4B3E6CE955D5}
	EndGlobalSection
EndGlobal
